
Microsoft Visual Studio Solution File, Format Version 12.00
# Visual Studio Version 16
VisualStudioVersion = 16.0.30804.86
MinimumVisualStudioVersion = 10.0.40219.1
Project("{9A19103F-16F7-4668-BE54-9A1E7A4F7556}") = "Avanade.Bank", "Avanade.Bank.csproj", "{6BF3B81A-9E02-45E3-92C5-00818D402B0B}"
EndProject
Global
	GlobalSection(SolutionConfigurationPlatforms) = preSolution
		Debug|Any CPU = Debug|Any CPU
		Release|Any CPU = Release|Any CPU
	EndGlobalSection
	GlobalSection(ProjectConfigurationPlatforms) = postSolution
		{6BF3B81A-9E02-45E3-92C5-00818D402B0B}.Debug|Any CPU.ActiveCfg = Debug|Any CPU
		{6BF3B81A-9E02-45E3-92C5-00818D402B0B}.Debug|Any CPU.Build.0 = Debug|Any CPU
		{6BF3B81A-9E02-45E3-92C5-00818D402B0B}.Release|Any CPU.ActiveCfg = Release|Any CPU
		{6BF3B81A-9E02-45E3-92C5-00818D402B0B}.Release|Any CPU.Build.0 = Release|Any CPU
	EndGlobalSection
	GlobalSection(SolutionProperties) = preSolution
		HideSolutionNode = FALSE
	EndGlobalSection
	GlobalSection(ExtensibilityGlobals) = postSolution
		SolutionGuid = {8F478C12-22C7-45BB-988A-0B0368825EF4}
	EndGlobalSection
EndGlobal
